
Microsoft Visual Studio Solution File, Format Version 12.00
# Visual Studio Version 17
VisualStudioVersion = 17.14.36414.22 d17.14
MinimumVisualStudioVersion = 10.0.40219.1
Project("{FAE04EC0-301F-11D3-BF4B-00C04F79EFBC}") = "ST10241408_GiftOfTheGiversWebApp", "ST10241408_GiftOfTheGiversWebApp\ST10241408_GiftOfTheGiversWebApp.csproj", "{DADF7B48-73D3-459D-92BD-1883DCFC1542}"
EndProject
Global
	GlobalSection(SolutionConfigurationPlatforms) = preSolution
		Debug|Any CPU = Debug|Any CPU
		Release|Any CPU = Release|Any CPU
	EndGlobalSection
	GlobalSection(ProjectConfigurationPlatforms) = postSolution
		{DADF7B48-73D3-459D-92BD-1883DCFC1542}.Debug|Any CPU.ActiveCfg = Debug|Any CPU
		{DADF7B48-73D3-459D-92BD-1883DCFC1542}.Debug|Any CPU.Build.0 = Debug|Any CPU
		{DADF7B48-73D3-459D-92BD-1883DCFC1542}.Release|Any CPU.ActiveCfg = Release|Any CPU
		{DADF7B48-73D3-459D-92BD-1883DCFC1542}.Release|Any CPU.Build.0 = Release|Any CPU
	EndGlobalSection
	GlobalSection(SolutionProperties) = preSolution
		HideSolutionNode = FALSE
	EndGlobalSection
	GlobalSection(ExtensibilityGlobals) = postSolution
		SolutionGuid = {2BDC2D56-D76E-40A0-8A43-5D43E3ED5235}
	EndGlobalSection
EndGlobal
